
Microsoft Visual Studio Solution File, Format Version 12.00
# Visual Studio Version 16
VisualStudioVersion = 16.0.30114.105
MinimumVisualStudioVersion = 10.0.40219.1
Project("{2150E333-8FDC-42A3-9474-1A3956D46DE8}") = "source", "source", "{D21188FC-F61A-446C-9CB6-C24C99BC2FE3}"
EndProject
Project("{FAE04EC0-301F-11D3-BF4B-00C04F79EFBC}") = "NeowayTechnicianCase.Core", "source\NeowayTechnicianCase.Core\NeowayTechnicianCase.Core.csproj", "{B2609AFA-9E73-4997-B606-21924FA4E29D}"
EndProject
Project("{FAE04EC0-301F-11D3-BF4B-00C04F79EFBC}") = "NeowayTechnicianCase.Infrastructure", "source\NeowayTechnicianCase.Infrastructure\NeowayTechnicianCase.Infrastructure.csproj", "{A8F461A0-3196-4B4F-82E0-F325DDE92F1E}"
EndProject
Project("{FAE04EC0-301F-11D3-BF4B-00C04F79EFBC}") = "NeowayTechnicianCase.ConsoleApplication", "source\NeowayTechnicianCase.ConsoleApplication\NeowayTechnicianCase.ConsoleApplication.csproj", "{0946D6B3-CD4C-43F0-B274-4D11F87FCABC}"
EndProject
Project("{2150E333-8FDC-42A3-9474-1A3956D46DE8}") = "tests", "tests", "{E0BD57C8-A9C4-4F4A-8EDC-078F216414A7}"
EndProject
Project("{FAE04EC0-301F-11D3-BF4B-00C04F79EFBC}") = "NeowayTechnicianCase.IntegrationTests", "tests\NeowayTechnicianCase.IntegrationTests\NeowayTechnicianCase.IntegrationTests.csproj", "{46FC919A-7988-449B-A694-431BD6C988B1}"
EndProject
Project("{FAE04EC0-301F-11D3-BF4B-00C04F79EFBC}") = "NeowayTechnicianCase.UnitTests", "tests\NeowayTechnicianCase.UnitTests\NeowayTechnicianCase.UnitTests.csproj", "{96FE3BC6-82A3-4A79-BAB8-78EF452227F0}"
EndProject
Global
	GlobalSection(SolutionConfigurationPlatforms) = preSolution
		Debug|Any CPU = Debug|Any CPU
		Debug|x64 = Debug|x64
		Debug|x86 = Debug|x86
		Release|Any CPU = Release|Any CPU
		Release|x64 = Release|x64
		Release|x86 = Release|x86
	EndGlobalSection
	GlobalSection(SolutionProperties) = preSolution
		HideSolutionNode = FALSE
	EndGlobalSection
	GlobalSection(ProjectConfigurationPlatforms) = postSolution
		{B2609AFA-9E73-4997-B606-21924FA4E29D}.Debug|Any CPU.ActiveCfg = Debug|Any CPU
		{B2609AFA-9E73-4997-B606-21924FA4E29D}.Debug|Any CPU.Build.0 = Debug|Any CPU
		{B2609AFA-9E73-4997-B606-21924FA4E29D}.Debug|x64.ActiveCfg = Debug|Any CPU
		{B2609AFA-9E73-4997-B606-21924FA4E29D}.Debug|x64.Build.0 = Debug|Any CPU
		{B2609AFA-9E73-4997-B606-21924FA4E29D}.Debug|x86.ActiveCfg = Debug|Any CPU
		{B2609AFA-9E73-4997-B606-21924FA4E29D}.Debug|x86.Build.0 = Debug|Any CPU
		{B2609AFA-9E73-4997-B606-21924FA4E29D}.Release|Any CPU.ActiveCfg = Release|Any CPU
		{B2609AFA-9E73-4997-B606-21924FA4E29D}.Release|Any CPU.Build.0 = Release|Any CPU
		{B2609AFA-9E73-4997-B606-21924FA4E29D}.Release|x64.ActiveCfg = Release|Any CPU
		{B2609AFA-9E73-4997-B606-21924FA4E29D}.Release|x64.Build.0 = Release|Any CPU
		{B2609AFA-9E73-4997-B606-21924FA4E29D}.Release|x86.ActiveCfg = Release|Any CPU
		{B2609AFA-9E73-4997-B606-21924FA4E29D}.Release|x86.Build.0 = Release|Any CPU
		{A8F461A0-3196-4B4F-82E0-F325DDE92F1E}.Debug|Any CPU.ActiveCfg = Debug|Any CPU
		{A8F461A0-3196-4B4F-82E0-F325DDE92F1E}.Debug|Any CPU.Build.0 = Debug|Any CPU
		{A8F461A0-3196-4B4F-82E0-F325DDE92F1E}.Debug|x64.ActiveCfg = Debug|Any CPU
		{A8F461A0-3196-4B4F-82E0-F325DDE92F1E}.Debug|x64.Build.0 = Debug|Any CPU
		{A8F461A0-3196-4B4F-82E0-F325DDE92F1E}.Debug|x86.ActiveCfg = Debug|Any CPU
		{A8F461A0-3196-4B4F-82E0-F325DDE92F1E}.Debug|x86.Build.0 = Debug|Any CPU
		{A8F461A0-3196-4B4F-82E0-F325DDE92F1E}.Release|Any CPU.ActiveCfg = Release|Any CPU
		{A8F461A0-3196-4B4F-82E0-F325DDE92F1E}.Release|Any CPU.Build.0 = Release|Any CPU
		{A8F461A0-3196-4B4F-82E0-F325DDE92F1E}.Release|x64.ActiveCfg = Release|Any CPU
		{A8F461A0-3196-4B4F-82E0-F325DDE92F1E}.Release|x64.Build.0 = Release|Any CPU
		{A8F461A0-3196-4B4F-82E0-F325DDE92F1E}.Release|x86.ActiveCfg = Release|Any CPU
		{A8F461A0-3196-4B4F-82E0-F325DDE92F1E}.Release|x86.Build.0 = Release|Any CPU
		{0946D6B3-CD4C-43F0-B274-4D11F87FCABC}.Debug|Any CPU.ActiveCfg = Debug|Any CPU
		{0946D6B3-CD4C-43F0-B274-4D11F87FCABC}.Debug|Any CPU.Build.0 = Debug|Any CPU
		{0946D6B3-CD4C-43F0-B274-4D11F87FCABC}.Debug|x64.ActiveCfg = Debug|Any CPU
		{0946D6B3-CD4C-43F0-B274-4D11F87FCABC}.Debug|x64.Build.0 = Debug|Any CPU
		{0946D6B3-CD4C-43F0-B274-4D11F87FCABC}.Debug|x86.ActiveCfg = Debug|Any CPU
		{0946D6B3-CD4C-43F0-B274-4D11F87FCABC}.Debug|x86.Build.0 = Debug|Any CPU
		{0946D6B3-CD4C-43F0-B274-4D11F87FCABC}.Release|Any CPU.ActiveCfg = Release|Any CPU
		{0946D6B3-CD4C-43F0-B274-4D11F87FCABC}.Release|Any CPU.Build.0 = Release|Any CPU
		{0946D6B3-CD4C-43F0-B274-4D11F87FCABC}.Release|x64.ActiveCfg = Release|Any CPU
		{0946D6B3-CD4C-43F0-B274-4D11F87FCABC}.Release|x64.Build.0 = Release|Any CPU
		{0946D6B3-CD4C-43F0-B274-4D11F87FCABC}.Release|x86.ActiveCfg = Release|Any CPU
		{0946D6B3-CD4C-43F0-B274-4D11F87FCABC}.Release|x86.Build.0 = Release|Any CPU
		{46FC919A-7988-449B-A694-431BD6C988B1}.Debug|Any CPU.ActiveCfg = Debug|Any CPU
		{46FC919A-7988-449B-A694-431BD6C988B1}.Debug|Any CPU.Build.0 = Debug|Any CPU
		{46FC919A-7988-449B-A694-431BD6C988B1}.Debug|x64.ActiveCfg = Debug|Any CPU
		{46FC919A-7988-449B-A694-431BD6C988B1}.Debug|x64.Build.0 = Debug|Any CPU
		{46FC919A-7988-449B-A694-431BD6C988B1}.Debug|x86.ActiveCfg = Debug|Any CPU
		{46FC919A-7988-449B-A694-431BD6C988B1}.Debug|x86.Build.0 = Debug|Any CPU
		{46FC919A-7988-449B-A694-431BD6C988B1}.Release|Any CPU.ActiveCfg = Release|Any CPU
		{46FC919A-7988-449B-A694-431BD6C988B1}.Release|Any CPU.Build.0 = Release|Any CPU
		{46FC919A-7988-449B-A694-431BD6C988B1}.Release|x64.ActiveCfg = Release|Any CPU
		{46FC919A-7988-449B-A694-431BD6C988B1}.Release|x64.Build.0 = Release|Any CPU
		{46FC919A-7988-449B-A694-431BD6C988B1}.Release|x86.ActiveCfg = Release|Any CPU
		{46FC919A-7988-449B-A694-431BD6C988B1}.Release|x86.Build.0 = Release|Any CPU
		{96FE3BC6-82A3-4A79-BAB8-78EF452227F0}.Debug|Any CPU.ActiveCfg = Debug|Any CPU
		{96FE3BC6-82A3-4A79-BAB8-78EF452227F0}.Debug|Any CPU.Build.0 = Debug|Any CPU
		{96FE3BC6-82A3-4A79-BAB8-78EF452227F0}.Debug|x64.ActiveCfg = Debug|Any CPU
		{96FE3BC6-82A3-4A79-BAB8-78EF452227F0}.Debug|x64.Build.0 = Debug|Any CPU
		{96FE3BC6-82A3-4A79-BAB8-78EF452227F0}.Debug|x86.ActiveCfg = Debug|Any CPU
		{96FE3BC6-82A3-4A79-BAB8-78EF452227F0}.Debug|x86.Build.0 = Debug|Any CPU
		{96FE3BC6-82A3-4A79-BAB8-78EF452227F0}.Release|Any CPU.ActiveCfg = Release|Any CPU
		{96FE3BC6-82A3-4A79-BAB8-78EF452227F0}.Release|Any CPU.Build.0 = Release|Any CPU
		{96FE3BC6-82A3-4A79-BAB8-78EF452227F0}.Release|x64.ActiveCfg = Release|Any CPU
		{96FE3BC6-82A3-4A79-BAB8-78EF452227F0}.Release|x64.Build.0 = Release|Any CPU
		{96FE3BC6-82A3-4A79-BAB8-78EF452227F0}.Release|x86.ActiveCfg = Release|Any CPU
		{96FE3BC6-82A3-4A79-BAB8-78EF452227F0}.Release|x86.Build.0 = Release|Any CPU
	EndGlobalSection
	GlobalSection(NestedProjects) = preSolution
		{B2609AFA-9E73-4997-B606-21924FA4E29D} = {D21188FC-F61A-446C-9CB6-C24C99BC2FE3}
		{A8F461A0-3196-4B4F-82E0-F325DDE92F1E} = {D21188FC-F61A-446C-9CB6-C24C99BC2FE3}
		{0946D6B3-CD4C-43F0-B274-4D11F87FCABC} = {D21188FC-F61A-446C-9CB6-C24C99BC2FE3}
		{46FC919A-7988-449B-A694-431BD6C988B1} = {E0BD57C8-A9C4-4F4A-8EDC-078F216414A7}
		{96FE3BC6-82A3-4A79-BAB8-78EF452227F0} = {E0BD57C8-A9C4-4F4A-8EDC-078F216414A7}
	EndGlobalSection
EndGlobal
